
Microsoft Visual Studio Solution File, Format Version 12.00
# Visual Studio Version 16
VisualStudioVersion = 16.0.31205.134
MinimumVisualStudioVersion = 10.0.40219.1
Project("{FAE04EC0-301F-11D3-BF4B-00C04F79EFBC}") = "Practice1.4", "Practice1.4.csproj", "{B6445D8C-9974-4B6B-9AE5-CF84AEB23EA5}"
EndProject
Global
	GlobalSection(SolutionConfigurationPlatforms) = preSolution
		Debug|Any CPU = Debug|Any CPU
		Release|Any CPU = Release|Any CPU
	EndGlobalSection
	GlobalSection(ProjectConfigurationPlatforms) = postSolution
		{B6445D8C-9974-4B6B-9AE5-CF84AEB23EA5}.Debug|Any CPU.ActiveCfg = Debug|Any CPU
		{B6445D8C-9974-4B6B-9AE5-CF84AEB23EA5}.Debug|Any CPU.Build.0 = Debug|Any CPU
		{B6445D8C-9974-4B6B-9AE5-CF84AEB23EA5}.Release|Any CPU.ActiveCfg = Release|Any CPU
		{B6445D8C-9974-4B6B-9AE5-CF84AEB23EA5}.Release|Any CPU.Build.0 = Release|Any CPU
	EndGlobalSection
	GlobalSection(SolutionProperties) = preSolution
		HideSolutionNode = FALSE
	EndGlobalSection
	GlobalSection(ExtensibilityGlobals) = postSolution
		SolutionGuid = {4D6E2569-289B-45F7-A66E-B5CB1C68CE21}
	EndGlobalSection
EndGlobal
